PODS:
  - Alamofire (3.4.1)
  - AZDropdownMenu (1.1.1)
  - BRYXBanner (0.5.2):
    - BRYXBanner/Core (= 0.5.2)
  - BRYXBanner/Core (0.5.2)
  - Cosmos (1.2.3)
  - Fakery (1.3.0):
    - SwiftyJSON
  - FlatUIColors (0.3.0)
  - GoogleMaps (2.0.1):
    - GoogleMaps/Maps (= 2.0.1)
  - GoogleMaps/Base (2.0.1)
  - GoogleMaps/Maps (2.0.1):
    - GoogleMaps/Base (= 2.0.1)
  - IQKeyboardManagerSwift (4.0.4)
  - MapleBacon (2.0.8)
  - MBProgressHUD (1.0.0)
  - QRCodeReader.swift (6.1.0)
  - SKPhotoBrowser (2.0.2)
  - SlideMenuControllerSwift (2.2.2)
  - SwiftLocation (1.0.0)
  - SwiftRandom (0.1.7)
  - SwiftyJSON (2.3.2)

DEPENDENCIES:
  - Alamofire
  - AZDropdownMenu
  - BRYXBanner
  - Cosmos (~> 1.2)
  - Fakery
  - FlatUIColors
  - GoogleMaps
  - IQKeyboardManagerSwift
  - MapleBacon
  - MBProgressHUD
  - QRCodeReader.swift
  - SKPhotoBrowser
  - SlideMenuControllerSwift
  - SwiftLocation
  - SwiftRandom
  - SwiftyJSON

SPEC CHECKSUMS:
  Alamofire: 01a82e2f6c0f860ade35534c8dd88be61bdef40c
  AZDropdownMenu: 0ba09d5f7b1b8dc795824ec281c4dde8515f4498
  BRYXBanner: 5f0911d52e0a77e088f7ea7ddcdebd02afb7828a
  Cosmos: efddd01b729956ad6335bc58bc92e5735a1d12a3
  Fakery: 8e6f7da2feb311a90a956ab9b9b2ce72106d1787
  FlatUIColors: d4a5a0a8c1b61da6383946a1208cc27e440e3922
  GoogleMaps: f09da64fc987c1aa29394567c3cab5a3df83c402
  IQKeyboardManagerSwift: e0964d04d6a29b71016fd346dca13ecb80a2823a
  MapleBacon: 32e3590e1730485b93f450283ff242f9444efc12
  MBProgressHUD: 4890f671c94e8a0f3cf959aa731e9de2f036d71a
  QRCodeReader.swift: 786d70dda6c7fed54019f715cbe1f588539f7c2d
  SKPhotoBrowser: a23a4125deca7451d298248c7eafc8332fb909df
  SlideMenuControllerSwift: e257221100c39d49edccaaeb0238b55a0c67953a
  SwiftLocation: b01455c5ff67ac66b0696b70ca9d29bda646ec5a
  SwiftRandom: a03b68cbcda1b03d0fef5a1b87296f9500b6eac3
  SwiftyJSON: 04ccea08915aa0109039157c7974cf0298da292a

PODFILE CHECKSUM: 3493203cdbe717864ad59f7b2cef53693c5a755b

COCOAPODS: 1.0.1
